{
  "name": "@surishortlink/deploy-vercel",
  "version": "1.0.0",
  "lockfileVersion": 3,
  "requires": true,
  "packages": {
    "": {
      "name": "@surishortlink/deploy-vercel",
      "version": "1.0.0",
      "license": "MIT",
      "devDependencies": {
        "@surishortlink/suri": "^1"
      },
      "engines": {
        "node": ">=18"
      }
    },
    "node_modules/@surishortlink/suri": {
      "version": "1.1.0",
      "resolved": "https://registry.npmjs.org/@surishortlink/suri/-/suri-1.1.0.tgz",
      "integrity": "sha512-94gNDhrhRU7ars1NcYVeQbjpkX94LeryyGHzhUGs6JNHL567Je+88yzazBFkEGfwwHVW593ZViQq0fMGW76FNg==",
      "dev": true,
      "license": "MIT",
      "bin": {
        "suri": "bin/suri.js"
      },
      "engines": {
        "node": ">=18"
      }
    }
  }
}
