{
  "name": "@suri/deploy-vercel",
  "version": "1.0.0",
  "lockfileVersion": 3,
  "requires": true,
  "packages": {
    "": {
      "name": "@suri/deploy-vercel",
      "version": "1.0.0",
      "license": "MIT",
      "devDependencies": {
        "suri": "github:jstayton/suri#v1"
      },
      "engines": {
        "node": ">=18"
      }
    },
    "node_modules/suri": {
      "version": "1.0.0",
      "resolved": "git+ssh://git@github.com/jstayton/suri.git#eeb12749b3804d4cda135c9b46e26d4eb8e1d295",
      "dev": true,
      "license": "MIT",
      "bin": {
        "suri": "bin/suri.js"
      },
      "engines": {
        "node": ">=18"
      }
    }
  }
}
